
Microsoft Visual Studio Solution File, Format Version 12.00
# Visual Studio Version 17
VisualStudioVersion = 17.1.32407.343
MinimumVisualStudioVersion = 10.0.40219.1
Project("{FAE04EC0-301F-11D3-BF4B-00C04F79EFBC}") = "Generator Liczb Losowych", "Generator Liczb Losowych\Generator Liczb Losowych.csproj", "{2EDEFB42-2485-4E48-9670-173C7A5203FF}"
EndProject
Global
	GlobalSection(SolutionConfigurationPlatforms) = preSolution
		Debug|Any CPU = Debug|Any CPU
		Release|Any CPU = Release|Any CPU
	EndGlobalSection
	GlobalSection(ProjectConfigurationPlatforms) = postSolution
		{2EDEFB42-2485-4E48-9670-173C7A5203FF}.Debug|Any CPU.ActiveCfg = Debug|Any CPU
		{2EDEFB42-2485-4E48-9670-173C7A5203FF}.Debug|Any CPU.Build.0 = Debug|Any CPU
		{2EDEFB42-2485-4E48-9670-173C7A5203FF}.Release|Any CPU.ActiveCfg = Release|Any CPU
		{2EDEFB42-2485-4E48-9670-173C7A5203FF}.Release|Any CPU.Build.0 = Release|Any CPU
	EndGlobalSection
	GlobalSection(SolutionProperties) = preSolution
		HideSolutionNode = FALSE
	EndGlobalSection
	GlobalSection(ExtensibilityGlobals) = postSolution
		SolutionGuid = {0375970E-2272-4C05-8289-3F1C81C01545}
	EndGlobalSection
EndGlobal
